
Microsoft Visual Studio Solution File, Format Version 12.00
# Visual Studio 14
VisualStudioVersion = 14.0.25420.1
MinimumVisualStudioVersion = 10.0.40219.1
Project("{FAE04EC0-301F-11D3-BF4B-00C04F79EFBC}") = "ClientManagement.Core", "ClientManagement.Core\ClientManagement.Core.csproj", "{213485B5-AA2F-40D2-BBA3-B22EEE4DF245}"
EndProject
Project("{FAE04EC0-301F-11D3-BF4B-00C04F79EFBC}") = "ClientManagement.Tests", "ClientManagement.Tests\ClientManagement.Tests.csproj", "{C262B218-804A-455D-A7B5-3553EEE7FC6C}"
EndProject
Project("{00D1A9C2-B5F0-4AF3-8072-F6C62B433612}") = "ClientManagement.Database", "ClientManagement.Database\ClientManagement.Database.sqlproj", "{BFD62372-DE37-4AA7-8722-988C1C064A6D}"
EndProject
Project("{FAE04EC0-301F-11D3-BF4B-00C04F79EFBC}") = "ClientManagement.Web", "ClientManagement.Web\ClientManagement.Web.csproj", "{6484BC09-660A-414D-8888-A3AEF9C1506D}"
EndProject
Global
	GlobalSection(SolutionConfigurationPlatforms) = preSolution
		Debug|Any CPU = Debug|Any CPU
		Release|Any CPU = Release|Any CPU
	EndGlobalSection
	GlobalSection(ProjectConfigurationPlatforms) = postSolution
		{213485B5-AA2F-40D2-BBA3-B22EEE4DF245}.Debug|Any CPU.ActiveCfg = Debug|Any CPU
		{213485B5-AA2F-40D2-BBA3-B22EEE4DF245}.Debug|Any CPU.Build.0 = Debug|Any CPU
		{213485B5-AA2F-40D2-BBA3-B22EEE4DF245}.Release|Any CPU.ActiveCfg = Release|Any CPU
		{213485B5-AA2F-40D2-BBA3-B22EEE4DF245}.Release|Any CPU.Build.0 = Release|Any CPU
		{C262B218-804A-455D-A7B5-3553EEE7FC6C}.Debug|Any CPU.ActiveCfg = Debug|Any CPU
		{C262B218-804A-455D-A7B5-3553EEE7FC6C}.Debug|Any CPU.Build.0 = Debug|Any CPU
		{C262B218-804A-455D-A7B5-3553EEE7FC6C}.Release|Any CPU.ActiveCfg = Release|Any CPU
		{C262B218-804A-455D-A7B5-3553EEE7FC6C}.Release|Any CPU.Build.0 = Release|Any CPU
		{BFD62372-DE37-4AA7-8722-988C1C064A6D}.Debug|Any CPU.ActiveCfg = Debug|Any CPU
		{BFD62372-DE37-4AA7-8722-988C1C064A6D}.Debug|Any CPU.Build.0 = Debug|Any CPU
		{BFD62372-DE37-4AA7-8722-988C1C064A6D}.Debug|Any CPU.Deploy.0 = Debug|Any CPU
		{BFD62372-DE37-4AA7-8722-988C1C064A6D}.Release|Any CPU.ActiveCfg = Release|Any CPU
		{BFD62372-DE37-4AA7-8722-988C1C064A6D}.Release|Any CPU.Build.0 = Release|Any CPU
		{BFD62372-DE37-4AA7-8722-988C1C064A6D}.Release|Any CPU.Deploy.0 = Release|Any CPU
		{6484BC09-660A-414D-8888-A3AEF9C1506D}.Debug|Any CPU.ActiveCfg = Debug|Any CPU
		{6484BC09-660A-414D-8888-A3AEF9C1506D}.Debug|Any CPU.Build.0 = Debug|Any CPU
		{6484BC09-660A-414D-8888-A3AEF9C1506D}.Release|Any CPU.ActiveCfg = Release|Any CPU
		{6484BC09-660A-414D-8888-A3AEF9C1506D}.Release|Any CPU.Build.0 = Release|Any CPU
	EndGlobalSection
	GlobalSection(SolutionProperties) = preSolution
		HideSolutionNode = FALSE
	EndGlobalSection
EndGlobal
